
Microsoft Visual Studio Solution File, Format Version 12.00
# Visual Studio Version 17
VisualStudioVersion = 17.11.35327.3
MinimumVisualStudioVersion = 10.0.40219.1
Project("{FAE04EC0-301F-11D3-BF4B-00C04F79EFBC}") = "GUI", "GUI\GUI.csproj", "{C2D54EC4-149E-4818-B0B6-E0B9EA58AB51}"
EndProject
Project("{FAE04EC0-301F-11D3-BF4B-00C04F79EFBC}") = "ENTITY", "ENTITY\ENTITY.csproj", "{3F8B7538-D434-4AEB-8DAA-3045210B602F}"
EndProject
Project("{FAE04EC0-301F-11D3-BF4B-00C04F79EFBC}") = "BLL", "BLL\BLL.csproj", "{0317BE51-9C2B-495D-9E75-C59787ABDDC5}"
EndProject
Project("{FAE04EC0-301F-11D3-BF4B-00C04F79EFBC}") = "DAL", "DAL\DAL.csproj", "{363936AB-A1B1-439D-A7DE-D7BD7B576DF7}"
EndProject
Global
	GlobalSection(SolutionConfigurationPlatforms) = preSolution
		Debug|Any CPU = Debug|Any CPU
		Release|Any CPU = Release|Any CPU
	EndGlobalSection
	GlobalSection(ProjectConfigurationPlatforms) = postSolution
		{C2D54EC4-149E-4818-B0B6-E0B9EA58AB51}.Debug|Any CPU.ActiveCfg = Debug|Any CPU
		{C2D54EC4-149E-4818-B0B6-E0B9EA58AB51}.Debug|Any CPU.Build.0 = Debug|Any CPU
		{C2D54EC4-149E-4818-B0B6-E0B9EA58AB51}.Release|Any CPU.ActiveCfg = Release|Any CPU
		{C2D54EC4-149E-4818-B0B6-E0B9EA58AB51}.Release|Any CPU.Build.0 = Release|Any CPU
		{3F8B7538-D434-4AEB-8DAA-3045210B602F}.Debug|Any CPU.ActiveCfg = Debug|Any CPU
		{3F8B7538-D434-4AEB-8DAA-3045210B602F}.Debug|Any CPU.Build.0 = Debug|Any CPU
		{3F8B7538-D434-4AEB-8DAA-3045210B602F}.Release|Any CPU.ActiveCfg = Release|Any CPU
		{3F8B7538-D434-4AEB-8DAA-3045210B602F}.Release|Any CPU.Build.0 = Release|Any CPU
		{0317BE51-9C2B-495D-9E75-C59787ABDDC5}.Debug|Any CPU.ActiveCfg = Debug|Any CPU
		{0317BE51-9C2B-495D-9E75-C59787ABDDC5}.Debug|Any CPU.Build.0 = Debug|Any CPU
		{0317BE51-9C2B-495D-9E75-C59787ABDDC5}.Release|Any CPU.ActiveCfg = Release|Any CPU
		{0317BE51-9C2B-495D-9E75-C59787ABDDC5}.Release|Any CPU.Build.0 = Release|Any CPU
		{363936AB-A1B1-439D-A7DE-D7BD7B576DF7}.Debug|Any CPU.ActiveCfg = Debug|Any CPU
		{363936AB-A1B1-439D-A7DE-D7BD7B576DF7}.Debug|Any CPU.Build.0 = Debug|Any CPU
		{363936AB-A1B1-439D-A7DE-D7BD7B576DF7}.Release|Any CPU.ActiveCfg = Release|Any CPU
		{363936AB-A1B1-439D-A7DE-D7BD7B576DF7}.Release|Any CPU.Build.0 = Release|Any CPU
	EndGlobalSection
	GlobalSection(SolutionProperties) = preSolution
		HideSolutionNode = FALSE
	EndGlobalSection
	GlobalSection(ExtensibilityGlobals) = postSolution
		SolutionGuid = {FD9711B3-9C6F-461E-898D-BAAD74566080}
	EndGlobalSection
EndGlobal
